
Microsoft Visual Studio Solution File, Format Version 12.00
# Visual Studio 14
VisualStudioVersion = 14.0.25420.1
MinimumVisualStudioVersion = 10.0.40219.1
Project("{FAE04EC0-301F-11D3-BF4B-00C04F79EFBC}") = "Morpher.WebService.V3", "Morpher.WebApi\Morpher.WebService.V3.csproj", "{296F6937-C604-4AC5-AB04-957F957DB011}"
EndProject
Project("{FAE04EC0-301F-11D3-BF4B-00C04F79EFBC}") = "Morpher.WebService.V3.UnitTests", "Morpher.WebApi.UnitTest\Morpher.WebService.V3.UnitTests.csproj", "{B83C032A-318C-4538-95E9-3499DACA4DB8}"
EndProject
Project("{FAE04EC0-301F-11D3-BF4B-00C04F79EFBC}") = "Morpher.WebService.V3.Shared", "Morpher.WebService.V3.Shared\Morpher.WebService.V3.Shared.csproj", "{70F040CB-5848-4E9F-BECB-2013355F4086}"
EndProject
Global
	GlobalSection(SolutionConfigurationPlatforms) = preSolution
		Debug|Any CPU = Debug|Any CPU
		Local|Any CPU = Local|Any CPU
		Release|Any CPU = Release|Any CPU
	EndGlobalSection
	GlobalSection(ProjectConfigurationPlatforms) = postSolution
		{296F6937-C604-4AC5-AB04-957F957DB011}.Debug|Any CPU.ActiveCfg = Debug|Any CPU
		{296F6937-C604-4AC5-AB04-957F957DB011}.Debug|Any CPU.Build.0 = Debug|Any CPU
		{296F6937-C604-4AC5-AB04-957F957DB011}.Local|Any CPU.ActiveCfg = Local|Any CPU
		{296F6937-C604-4AC5-AB04-957F957DB011}.Local|Any CPU.Build.0 = Local|Any CPU
		{296F6937-C604-4AC5-AB04-957F957DB011}.Release|Any CPU.ActiveCfg = Release|Any CPU
		{296F6937-C604-4AC5-AB04-957F957DB011}.Release|Any CPU.Build.0 = Release|Any CPU
		{B83C032A-318C-4538-95E9-3499DACA4DB8}.Debug|Any CPU.ActiveCfg = Debug|Any CPU
		{B83C032A-318C-4538-95E9-3499DACA4DB8}.Debug|Any CPU.Build.0 = Debug|Any CPU
		{B83C032A-318C-4538-95E9-3499DACA4DB8}.Local|Any CPU.ActiveCfg = Local|Any CPU
		{B83C032A-318C-4538-95E9-3499DACA4DB8}.Local|Any CPU.Build.0 = Local|Any CPU
		{B83C032A-318C-4538-95E9-3499DACA4DB8}.Local|Any CPU.Deploy.0 = Local|Any CPU
		{B83C032A-318C-4538-95E9-3499DACA4DB8}.Release|Any CPU.ActiveCfg = Release|Any CPU
		{B83C032A-318C-4538-95E9-3499DACA4DB8}.Release|Any CPU.Build.0 = Release|Any CPU
		{70F040CB-5848-4E9F-BECB-2013355F4086}.Debug|Any CPU.ActiveCfg = Debug|Any CPU
		{70F040CB-5848-4E9F-BECB-2013355F4086}.Debug|Any CPU.Build.0 = Debug|Any CPU
		{70F040CB-5848-4E9F-BECB-2013355F4086}.Local|Any CPU.ActiveCfg = Release|Any CPU
		{70F040CB-5848-4E9F-BECB-2013355F4086}.Local|Any CPU.Build.0 = Release|Any CPU
		{70F040CB-5848-4E9F-BECB-2013355F4086}.Release|Any CPU.ActiveCfg = Release|Any CPU
		{70F040CB-5848-4E9F-BECB-2013355F4086}.Release|Any CPU.Build.0 = Release|Any CPU
	EndGlobalSection
	GlobalSection(SolutionProperties) = preSolution
		HideSolutionNode = FALSE
	EndGlobalSection
EndGlobal
